
Microsoft Visual Studio Solution File, Format Version 12.00
# Visual Studio 15
VisualStudioVersion = 15.0.28307.168
MinimumVisualStudioVersion = 10.0.40219.1
Project("{888888A0-9F3D-457C-B088-3A5042F75D52}") = "Pun Boat", "Pun Boat\Pun Boat.pyproj", "{9BE8E17E-AFDF-4762-A39B-95CF9B426418}"
EndProject
Global
	GlobalSection(SolutionConfigurationPlatforms) = preSolution
		Debug|Any CPU = Debug|Any CPU
		Release|Any CPU = Release|Any CPU
	EndGlobalSection
	GlobalSection(ProjectConfigurationPlatforms) = postSolution
		{9BE8E17E-AFDF-4762-A39B-95CF9B426418}.Debug|Any CPU.ActiveCfg = Debug|Any CPU
		{9BE8E17E-AFDF-4762-A39B-95CF9B426418}.Release|Any CPU.ActiveCfg = Release|Any CPU
	EndGlobalSection
	GlobalSection(SolutionProperties) = preSolution
		HideSolutionNode = FALSE
	EndGlobalSection
	GlobalSection(ExtensibilityGlobals) = postSolution
		SolutionGuid = {E49CBD50-D497-4206-81A9-2CF3E0BF4C68}
	EndGlobalSection
EndGlobal
